
Microsoft Visual Studio Solution File, Format Version 12.00
# Visual Studio Version 17
VisualStudioVersion = 17.4.33110.190
MinimumVisualStudioVersion = 10.0.40219.1
Project("{FAE04EC0-301F-11D3-BF4B-00C04F79EFBC}") = "Pessoas", "Pessoas\Pessoas.csproj", "{26161F07-B468-4DDC-969E-3438E047B7BC}"
EndProject
Global
	GlobalSection(SolutionConfigurationPlatforms) = preSolution
		Debug|Any CPU = Debug|Any CPU
		Release|Any CPU = Release|Any CPU
	EndGlobalSection
	GlobalSection(ProjectConfigurationPlatforms) = postSolution
		{26161F07-B468-4DDC-969E-3438E047B7BC}.Debug|Any CPU.ActiveCfg = Debug|Any CPU
		{26161F07-B468-4DDC-969E-3438E047B7BC}.Debug|Any CPU.Build.0 = Debug|Any CPU
		{26161F07-B468-4DDC-969E-3438E047B7BC}.Release|Any CPU.ActiveCfg = Release|Any CPU
		{26161F07-B468-4DDC-969E-3438E047B7BC}.Release|Any CPU.Build.0 = Release|Any CPU
	EndGlobalSection
	GlobalSection(SolutionProperties) = preSolution
		HideSolutionNode = FALSE
	EndGlobalSection
	GlobalSection(ExtensibilityGlobals) = postSolution
		SolutionGuid = {33884AEB-0B77-4BB7-B37B-C09A3BC78C21}
	EndGlobalSection
EndGlobal
